{
  "version": "5",
  "specifiers": {
    "jsr:@std/assert@^1.0.19": "1.0.19",
    "jsr:@std/internal@^1.0.12": "1.0.12",
    "npm:cross-bdd@0.2": "0.2.0",
    "npm:uint8array-extras@^1.5.0": "1.5.0"
  },
  "jsr": {
    "@std/assert@1.0.19": {
      "integrity": "eaada96ee120cb980bc47e040f82814d786fe8162ecc53c91d8df60b8755991e",
      "dependencies": [
        "jsr:@std/internal"
      ]
    },
    "@std/internal@1.0.12": {
      "integrity": "972a634fd5bc34b242024402972cd5143eac68d8dffaca5eaa4dba30ce17b027"
    }
  },
  "npm": {
    "cross-bdd@0.2.0": {
      "integrity": "sha512-7rcKebgnLVAf/rAExIQeFHGMb0jBWJbqZYN33A1zF2pnP+1kK57uWv2vMj9juAYNgweSSWf9heTjJ1J5L+/MRA=="
    },
    "uint8array-extras@1.5.0": {
      "integrity": "sha512-rvKSBiC5zqCCiDZ9kAOszZcDvdAHwwIKJG33Ykj43OKcWsnmcBRL09YTU4nOeHZ8Y2a7l1MgTd08SBe9A8Qj6A=="
    }
  },
  "workspace": {
    "dependencies": [
      "jsr:@std/assert@^1.0.19",
      "npm:cross-bdd@0.2",
      "npm:uint8array-extras@^1.5.0"
    ]
  }
}
